PODS:
  - Alamofire (4.9.1)
  - Bugsnag (5.22.10)
  - Mockingjay (2.0.1):
    - Mockingjay/Core (= 2.0.1)
    - Mockingjay/XCTest (= 2.0.1)
  - Mockingjay/Core (2.0.1):
    - URITemplate (~> 2.0)
  - Mockingjay/XCTest (2.0.1):
    - Mockingjay/Core
  - RxSwift (5.0.1)
  - SnapKit (5.0.1)
  - SVProgressHUD (2.2.5)
  - SwiftyJSON (5.0.0)
  - URITemplate (2.0.3)

DEPENDENCIES:
  - Alamofire
  - Bugsnag
  - Mockingjay
  - RxSwift
  - SnapKit
  - SVProgressHUD
  - SwiftyJSON

SPEC REPOS:
  trunk:
    - Alamofire
    - Bugsnag
    - Mockingjay
    - RxSwift
    - SnapKit
    - SVProgressHUD
    - SwiftyJSON
    - URITemplate

SPEC CHECKSUMS:
  Alamofire: 85e8a02c69d6020a0d734f6054870d7ecb75cf18
  Bugsnag: 3e33e950f0b410d3c6eb9e15159e6677c8b50ab2
  Mockingjay: 11a621880d2887f1775bdcf824341eb68f218450
  RxSwift: e2dc62b366a3adf6a0be44ba9f405efd4c94e0c4
  SnapKit: 97b92857e3df3a0c71833cce143274bf6ef8e5eb
  SVProgressHUD: 1428aafac632c1f86f62aa4243ec12008d7a51d6
  SwiftyJSON: 36413e04c44ee145039d332b4f4e2d3e8d6c4db7
  URITemplate: ace0c4c46dcf8afe6e89b4060621852886b15c3b

PODFILE CHECKSUM: 4f8ccec505e00e05d4e35bbe5b304975e71bfd6a

COCOAPODS: 1.8.4
